
Microsoft Visual Studio Solution File, Format Version 12.00
# Visual Studio Version 16
VisualStudioVersion = 16.0.31911.196
MinimumVisualStudioVersion = 10.0.40219.1
Project("{FAE04EC0-301F-11D3-BF4B-00C04F79EFBC}") = "ErpMvcProject", "ErpMvcProject\ErpMvcProject.csproj", "{082F76F3-E2BF-473A-B261-DAD73BF3FCD7}"
EndProject
Global
	GlobalSection(SolutionConfigurationPlatforms) = preSolution
		Debug|Any CPU = Debug|Any CPU
		Release|Any CPU = Release|Any CPU
	EndGlobalSection
	GlobalSection(ProjectConfigurationPlatforms) = postSolution
		{082F76F3-E2BF-473A-B261-DAD73BF3FCD7}.Debug|Any CPU.ActiveCfg = Debug|Any CPU
		{082F76F3-E2BF-473A-B261-DAD73BF3FCD7}.Debug|Any CPU.Build.0 = Debug|Any CPU
		{082F76F3-E2BF-473A-B261-DAD73BF3FCD7}.Release|Any CPU.ActiveCfg = Release|Any CPU
		{082F76F3-E2BF-473A-B261-DAD73BF3FCD7}.Release|Any CPU.Build.0 = Release|Any CPU
	EndGlobalSection
	GlobalSection(SolutionProperties) = preSolution
		HideSolutionNode = FALSE
	EndGlobalSection
	GlobalSection(ExtensibilityGlobals) = postSolution
		SolutionGuid = {388F8ABF-B9BD-4D19-B7DC-0F99187A76F2}
	EndGlobalSection
EndGlobal
